// !$*UTF8*$!
{
	archiveVersion = 1;
	classes = {
	};
	objectVersion = 46;
	objects = {

/* Begin PBXBuildFile section */
		9FEB65501BFE2ECD00E9B4DB /* AppDelegate.swift in Sources */ = {isa = PBXBuildFile; fileRef = 9FEB654F1BFE2ECD00E9B4DB /* AppDelegate.swift */; };
		9FEB65521BFE2ECD00E9B4DB /* FirstViewController.swift in Sources */ = {isa = PBXBuildFile; fileRef = 9FEB65511BFE2ECD00E9B4DB /* FirstViewController.swift */; };
		9FEB65541BFE2ECD00E9B4DB /* SecondViewController.swift in Sources */ = {isa = PBXBuildFile; fileRef = 9FEB65531BFE2ECD00E9B4DB /* SecondViewController.swift */; };
		9FEB65571BFE2ECD00E9B4DB /* Main.storyboard in Resources */ = {isa = PBXBuildFile; fileRef = 9FEB65551BFE2ECD00E9B4DB /* Main.storyboard */; };
		9FEB65591BFE2ECD00E9B4DB /* Assets.xcassets in Resources */ = {isa = PBXBuildFile; fileRef = 9FEB65581BFE2ECD00E9B4DB /* Assets.xcassets */; };
		9FEB655C1BFE2ECD00E9B4DB /* LaunchScreen.storyboard in Resources */ = {isa = PBXBuildFile; fileRef = 9FEB655A1BFE2ECD00E9B4DB /* LaunchScreen.storyboard */; };
/* End PBXBuildFile section */

/* Begin PBXFileReference section */
		9FEB654C1BFE2ECD00E9B4DB /* Appkveld-2-1.app */ = {isa = PBXFileReference; explicitFileType = wrapper.application; includeInIndex = 0; path = "Appkveld-2-1.app"; sourceTree = BUILT_PRODUCTS_DIR; };
		9FEB654F1BFE2ECD00E9B4DB /* AppDelegate.swift */ = {isa = PBXFileReference; lastKnownFileType = sourcecode.swift; path = AppDelegate.swift; sourceTree = "<group>"; };
		9FEB65511BFE2ECD00E9B4DB /* FirstViewController.swift */ = {isa = PBXFileReference; lastKnownFileType = sourcecode.swift; path = FirstViewController.swift; sourceTree = "<group>"; };
		9FEB65531BFE2ECD00E9B4DB /* SecondViewController.swift */ = {isa = PBXFileReference; lastKnownFileType = sourcecode.swift; path = SecondViewController.swift; sourceTree = "<group>"; };
		9FEB65561BFE2ECD00E9B4DB /* Base */ = {isa = PBXFileReference; lastKnownFileType = file.storyboard; name = Base; path = Base.lproj/Main.storyboard; sourceTree = "<group>"; };
		9FEB65581BFE2ECD00E9B4DB /* Assets.xcassets */ = {isa = PBXFileReference; lastKnownFileType = folder.assetcatalog; path = Assets.xcassets; sourceTree = "<group>"; };
		9FEB655B1BFE2ECD00E9B4DB /* Base */ = {isa = PBXFileReference; lastKnownFileType = file.storyboard; name = Base; path = Base.lproj/LaunchScreen.storyboard; sourceTree = "<group>"; };
		9FEB655D1BFE2ECD00E9B4DB /* Info.plist */ = {isa = PBXFileReference; lastKnownFileType = text.plist.xml; path = Info.plist; sourceTree = "<group>"; };
/* End PBXFileReference section */

/* Begin PBXFrameworksBuildPhase section */
		9FEB65491BFE2ECD00E9B4DB /* Frameworks */ = {
			isa = PBXFrameworksBuildPhase;
			buildActionMask = 2147483647;
			files = (
			);
			runOnlyForDeploymentPostprocessing = 0;
		};
/* End PBXFrameworksBuildPhase section */

/* Begin PBXGroup section */
		9FEB65431BFE2ECD00E9B4DB = {
			isa = PBXGroup;
			children = (
				9FEB654E1BFE2ECD00E9B4DB /* Appkveld-2-1 */,
				9FEB654D1BFE2ECD00E9B4DB /* Products */,
			);
			sourceTree = "<group>";
		};
		9FEB654D1BFE2ECD00E9B4DB /* Products */ = {
			isa = PBXGroup;
			children = (
				9FEB654C1BFE2ECD00E9B4DB /* Appkveld-2-1.app */,
			);
			name = Products;
			sourceTree = "<group>";
		};
		9FEB654E1BFE2ECD00E9B4DB /* Appkveld-2-1 */ = {
			isa = PBXGroup;
			children = (
				9FEB654F1BFE2ECD00E9B4DB /* AppDelegate.swift */,
				9FEB65511BFE2ECD00E9B4DB /* FirstViewController.swift */,
				9FEB65531BFE2ECD00E9B4DB /* SecondViewController.swift */,
				9FEB65551BFE2ECD00E9B4DB /* Main.storyboard */,
				9FEB65581BFE2ECD00E9B4DB /* Assets.xcassets */,
				9FEB655A1BFE2ECD00E9B4DB /* LaunchScreen.storyboard */,
				9FEB655D1BFE2ECD00E9B4DB /* Info.plist */,
			);
			path = "Appkveld-2-1";
			sourceTree = "<group>";
		};
/* End PBXGroup section */

/* Begin PBXNativeTarget section */
		9FEB654B1BFE2ECD00E9B4DB /* Appkveld-2-1 */ = {
			isa = PBXNativeTarget;
			buildConfigurationList = 9FEB65601BFE2ECD00E9B4DB /* Build configuration list for PBXNativeTarget "Appkveld-2-1" */;
			buildPhases = (
				9FEB65481BFE2ECD00E9B4DB /* Sources */,
				9FEB65491BFE2ECD00E9B4DB /* Frameworks */,
				9FEB654A1BFE2ECD00E9B4DB /* Resources */,
			);
			buildRules = (
			);
			dependencies = (
			);
			name = "Appkveld-2-1";
			productName = "Appkveld-2-1";
			productReference = 9FEB654C1BFE2ECD00E9B4DB /* Appkveld-2-1.app */;
			productType = "com.apple.product-type.application";
		};
/* End PBXNativeTarget section */

/* Begin PBXProject section */
		9FEB65441BFE2ECD00E9B4DB /* Project object */ = {
			isa = PBXProject;
			attributes = {
				LastSwiftUpdateCheck = 0710;
				LastUpgradeCheck = 0710;
				ORGANIZATIONNAME = "Gaute Solheim";
				TargetAttributes = {
					9FEB654B1BFE2ECD00E9B4DB = {
						CreatedOnToolsVersion = 7.1.1;
					};
				};
			};
			buildConfigurationList = 9FEB65471BFE2ECD00E9B4DB /* Build configuration list for PBXProject "Appkveld-2-1" */;
			compatibilityVersion = "Xcode 3.2";
			developmentRegion = English;
			hasScannedForEncodings = 0;
			knownRegions = (
				en,
				Base,
			);
			mainGroup = 9FEB65431BFE2ECD00E9B4DB;
			productRefGroup = 9FEB654D1BFE2ECD00E9B4DB /* Products */;
			projectDirPath = "";
			projectRoot = "";
			targets = (
				9FEB654B1BFE2ECD00E9B4DB /* Appkveld-2-1 */,
			);
		};
/* End PBXProject section */

/* Begin PBXResourcesBuildPhase section */
		9FEB654A1BFE2ECD00E9B4DB /* Resources */ = {
			isa = PBXResourcesBuildPhase;
			buildActionMask = 2147483647;
			files = (
				9FEB655C1BFE2ECD00E9B4DB /* LaunchScreen.storyboard in Resources */,
				9FEB65591BFE2ECD00E9B4DB /* Assets.xcassets in Resources */,
				9FEB65571BFE2ECD00E9B4DB /* Main.storyboard in Resources */,
			);
			runOnlyForDeploymentPostprocessing = 0;
		};
/* End PBXResourcesBuildPhase section */

/* Begin PBXSourcesBuildPhase section */
		9FEB65481BFE2ECD00E9B4DB /* Sources */ = {
			isa = PBXSourcesBuildPhase;
			buildActionMask = 2147483647;
			files = (
				9FEB65541BFE2ECD00E9B4DB /* SecondViewController.swift in Sources */,
				9FEB65501BFE2ECD00E9B4DB /* AppDelegate.swift in Sources */,
				9FEB65521BFE2ECD00E9B4DB /* FirstViewController.swift in Sources */,
			);
			runOnlyForDeploymentPostprocessing = 0;
		};
/* End PBXSourcesBuildPhase section */

/* Begin PBXVariantGroup section */
		9FEB65551BFE2ECD00E9B4DB /* Main.storyboard */ = {
			isa = PBXVariantGroup;
			children = (
				9FEB65561BFE2ECD00E9B4DB /* Base */,
			);
			name = Main.storyboard;
			sourceTree = "<group>";
		};
		9FEB655A1BFE2ECD00E9B4DB /* LaunchScreen.storyboard */ = {
			isa = PBXVariantGroup;
			children = (
				9FEB655B1BFE2ECD00E9B4DB /* Base */,
			);
			name = LaunchScreen.storyboard;
			sourceTree = "<group>";
		};
/* End PBXVariantGroup section */

/* Begin XCBuildConfiguration section */
		9FEB655E1BFE2ECD00E9B4DB /* Debug */ = {
			isa = XCBuildConfiguration;
			buildSettings = {
				ALWAYS_SEARCH_USER_PATHS = NO;
				CLANG_CXX_LANGUAGE_STANDARD = "gnu++0x";
				CLANG_CXX_LIBRARY = "libc++";
				CLANG_ENABLE_MODULES = YES;
				CLANG_ENABLE_OBJC_ARC = YES;
				CLANG_WARN_BOOL_CONVERSION = YES;
				CLANG_WARN_CONSTANT_CONVERSION = YES;
				CLANG_WARN_DIRECT_OBJC_ISA_USAGE = YES_ERROR;
				CLANG_WARN_EMPTY_BODY = YES;
				CLANG_WARN_ENUM_CONVERSION = YES;
				CLANG_WARN_INT_CONVERSION = YES;
				CLANG_WARN_OBJC_ROOT_CLASS = YES_ERROR;
				CLANG_WARN_UNREACHABLE_CODE = YES;
				CLANG_WARN__DUPLICATE_METHOD_MATCH = YES;
				"CODE_SIGN_IDENTITY[sdk=iphoneos*]" = "iPhone Developer";
				COPY_PHASE_STRIP = NO;
				DEBUG_INFORMATION_FORMAT = dwarf;
				ENABLE_STRICT_OBJC_MSGSEND = YES;
				ENABLE_TESTABILITY = YES;
				GCC_C_LANGUAGE_STANDARD = gnu99;
				GCC_DYNAMIC_NO_PIC = NO;
				GCC_NO_COMMON_BLOCKS = YES;
				GCC_OPTIMIZATION_LEVEL = 0;
				GCC_PREPROCESSOR_DEFINITIONS = (
					"DEBUG=1",
					"$(inherited)",
				);
				GCC_WARN_64_TO_32_BIT_CONVERSION = YES;
				GCC_WARN_ABOUT_RETURN_TYPE = YES_ERROR;
				GCC_WARN_UNDECLARED_SELECTOR = YES;
				GCC_WARN_UNINITIALIZED_AUTOS = YES_AGGRESSIVE;
				GCC_WARN_UNUSED_FUNCTION = YES;
				GCC_WARN_UNUSED_VARIABLE = YES;
				IPHONEOS_DEPLOYMENT_TARGET = 9.1;
				MTL_ENABLE_DEBUG_INFO = YES;
				ONLY_ACTIVE_ARCH = YES;
				SDKROOT = iphoneos;
				SWIFT_OPTIMIZATION_LEVEL = "-Onone";
				TARGETED_DEVICE_FAMILY = "1,2";
			};
			name = Debug;
		};
		9FEB655F1BFE2ECD00E9B4DB /* Release */ = {
			isa = XCBuildConfiguration;
			buildSettings = {
				ALWAYS_SEARCH_USER_PATHS = NO;
				CLANG_CXX_LANGUAGE_STANDARD = "gnu++0x";
				CLANG_CXX_LIBRARY = "libc++";
				CLANG_ENABLE_MODULES = YES;
				CLANG_ENABLE_OBJC_ARC = YES;
				CLANG_WARN_BOOL_CONVERSION = YES;
				CLANG_WARN_CONSTANT_CONVERSION = YES;
				CLANG_WARN_DIRECT_OBJC_ISA_USAGE = YES_ERROR;
				CLANG_WARN_EMPTY_BODY = YES;
				CLANG_WARN_ENUM_CONVERSION = YES;
				CLANG_WARN_INT_CONVERSION = YES;
				CLANG_WARN_OBJC_ROOT_CLASS = YES_ERROR;
				CLANG_WARN_UNREACHABLE_CODE = YES;
				CLANG_WARN__DUPLICATE_METHOD_MATCH = YES;
				"CODE_SIGN_IDENTITY[sdk=iphoneos*]" = "iPhone Developer";
				COPY_PHASE_STRIP = NO;
				DEBUG_INFORMATION_FORMAT = "dwarf-with-dsym";
				ENABLE_NS_ASSERTIONS = NO;
				ENABLE_STRICT_OBJC_MSGSEND = YES;
				GCC_C_LANGUAGE_STANDARD = gnu99;
				GCC_NO_COMMON_BLOCKS = YES;
				GCC_WARN_64_TO_32_BIT_CONVERSION = YES;
				GCC_WARN_ABOUT_RETURN_TYPE = YES_ERROR;
				GCC_WARN_UNDECLARED_SELECTOR = YES;
				GCC_WARN_UNINITIALIZED_AUTOS = YES_AGGRESSIVE;
				GCC_WARN_UNUSED_FUNCTION = YES;
				GCC_WARN_UNUSED_VARIABLE = YES;
				IPHONEOS_DEPLOYMENT_TARGET = 9.1;
				MTL_ENABLE_DEBUG_INFO = NO;
				SDKROOT = iphoneos;
				TARGETED_DEVICE_FAMILY = "1,2";
				VALIDATE_PRODUCT = YES;
			};
			name = Release;
		};
		9FEB65611BFE2ECD00E9B4DB /* Debug */ = {
			isa = XCBuildConfiguration;
			buildSettings = {
				ASSETCATALOG_COMPILER_APPICON_NAME = AppIcon;
				INFOPLIST_FILE = "Appkveld-2-1/Info.plist";
				IPHONEOS_DEPLOYMENT_TARGET = 8.0;
				LD_RUNPATH_SEARCH_PATHS = "$(inherited) @executable_path/Frameworks";
				PRODUCT_BUNDLE_IDENTIFIER = "com.gautesolheim.Appkveld-2-1";
				PRODUCT_NAME = "$(TARGET_NAME)";
			};
			name = Debug;
		};
		9FEB65621BFE2ECD00E9B4DB /* Release */ = {
			isa = XCBuildConfiguration;
			buildSettings = {
				ASSETCATALOG_COMPILER_APPICON_NAME = AppIcon;
				INFOPLIST_FILE = "Appkveld-2-1/Info.plist";
				IPHONEOS_DEPLOYMENT_TARGET = 8.0;
				LD_RUNPATH_SEARCH_PATHS = "$(inherited) @executable_path/Frameworks";
				PRODUCT_BUNDLE_IDENTIFIER = "com.gautesolheim.Appkveld-2-1";
				PRODUCT_NAME = "$(TARGET_NAME)";
			};
			name = Release;
		};
/* End XCBuildConfiguration section */

/* Begin XCConfigurationList section */
		9FEB65471BFE2ECD00E9B4DB /* Build configuration list for PBXProject "Appkveld-2-1" */ = {
			isa = XCConfigurationList;
			buildConfigurations = (
				9FEB655E1BFE2ECD00E9B4DB /* Debug */,
				9FEB655F1BFE2ECD00E9B4DB /* Release */,
			);
			defaultConfigurationIsVisible = 0;
			defaultConfigurationName = Release;
		};
		9FEB65601BFE2ECD00E9B4DB /* Build configuration list for PBXNativeTarget "Appkveld-2-1" */ = {
			isa = XCConfigurationList;
			buildConfigurations = (
				9FEB65611BFE2ECD00E9B4DB /* Debug */,
				9FEB65621BFE2ECD00E9B4DB /* Release */,
			);
			defaultConfigurationIsVisible = 0;
		};
/* End XCConfigurationList section */
	};
	rootObject = 9FEB65441BFE2ECD00E9B4DB /* Project object */;
}
